{
  "name": "media-sense-anagram",
  "version": "1.0.0",
  "lockfileVersion": 2,
  "requires": true,
  "packages": {
    "": {
      "name": "media-sense-anagram",
      "version": "1.0.0",
      "license": "ISC",
      "dependencies": {
        "buffered-reader": "^1.0.1",
        "n-readlines": "^1.0.1"
      }
    },
    "node_modules/buffered-reader": {
      "version": "1.0.1",
      "resolved": "https://registry.npmjs.org/buffered-reader/-/buffered-reader-1.0.1.tgz",
      "integrity": "sha1-1jyc1UqWRVUuP+2dnqLX/OIv1ac=",
      "dependencies": {
        "errno-codes": "*"
      },
      "engines": {
        "node": "*"
      }
    },
    "node_modules/errno-codes": {
      "version": "1.0.2",
      "resolved": "https://registry.npmjs.org/errno-codes/-/errno-codes-1.0.2.tgz",
      "integrity": "sha1-Piz1a4iN1yAMQ2f/wKfQB74wx7Q=",
      "engines": {
        "node": "*"
      }
    },
    "node_modules/n-readlines": {
      "version": "1.0.1",
      "resolved": "https://registry.npmjs.org/n-readlines/-/n-readlines-1.0.1.tgz",
      "integrity": "sha512-z4SyAIVgMy7CkgsoNw7YVz40v0g4+WWvvqy8+ZdHrCtgevcEO758WQyrYcw3XPxcLxF+//RszTz/rO48nzD0wQ==",
      "engines": {
        "node": ">=6.x.x"
      }
    }
  },
  "dependencies": {
    "buffered-reader": {
      "version": "1.0.1",
      "resolved": "https://registry.npmjs.org/buffered-reader/-/buffered-reader-1.0.1.tgz",
      "integrity": "sha1-1jyc1UqWRVUuP+2dnqLX/OIv1ac=",
      "requires": {
        "errno-codes": "*"
      }
    },
    "errno-codes": {
      "version": "1.0.2",
      "resolved": "https://registry.npmjs.org/errno-codes/-/errno-codes-1.0.2.tgz",
      "integrity": "sha1-Piz1a4iN1yAMQ2f/wKfQB74wx7Q="
    },
    "n-readlines": {
      "version": "1.0.1",
      "resolved": "https://registry.npmjs.org/n-readlines/-/n-readlines-1.0.1.tgz",
      "integrity": "sha512-z4SyAIVgMy7CkgsoNw7YVz40v0g4+WWvvqy8+ZdHrCtgevcEO758WQyrYcw3XPxcLxF+//RszTz/rO48nzD0wQ=="
    }
  }
}
